
Microsoft Visual Studio Solution File, Format Version 12.00
# Visual Studio 14
VisualStudioVersion = 14.0.24720.0
MinimumVisualStudioVersion = 10.0.40219.1
Project("{FAE04EC0-301F-11D3-BF4B-00C04F79EFBC}") = "ProgZund", "ProgZund\ProgZund.csproj", "{684BA808-8129-4BA4-9D06-D6BD99F3238F}"
EndProject
Project("{F2A71F9B-5D33-465A-A702-920D77279786}") = "FSUtility", "FSUtility\FSUtility.fsproj", "{1545C117-13DB-40C6-9E21-04D93431CA9C}"
EndProject
Global
	GlobalSection(SolutionConfigurationPlatforms) = preSolution
		Debug|Any CPU = Debug|Any CPU
		Release|Any CPU = Release|Any CPU
	EndGlobalSection
	GlobalSection(ProjectConfigurationPlatforms) = postSolution
		{684BA808-8129-4BA4-9D06-D6BD99F3238F}.Debug|Any CPU.ActiveCfg = Debug|Any CPU
		{684BA808-8129-4BA4-9D06-D6BD99F3238F}.Debug|Any CPU.Build.0 = Debug|Any CPU
		{684BA808-8129-4BA4-9D06-D6BD99F3238F}.Release|Any CPU.ActiveCfg = Release|Any CPU
		{684BA808-8129-4BA4-9D06-D6BD99F3238F}.Release|Any CPU.Build.0 = Release|Any CPU
		{1545C117-13DB-40C6-9E21-04D93431CA9C}.Debug|Any CPU.ActiveCfg = Debug|Any CPU
		{1545C117-13DB-40C6-9E21-04D93431CA9C}.Debug|Any CPU.Build.0 = Debug|Any CPU
		{1545C117-13DB-40C6-9E21-04D93431CA9C}.Release|Any CPU.ActiveCfg = Release|Any CPU
		{1545C117-13DB-40C6-9E21-04D93431CA9C}.Release|Any CPU.Build.0 = Release|Any CPU
	EndGlobalSection
	GlobalSection(SolutionProperties) = preSolution
		HideSolutionNode = FALSE
	EndGlobalSection
EndGlobal
